
Microsoft Visual Studio Solution File, Format Version 11.00
# Visual Studio 2010
Project("{FAE04EC0-301F-11D3-BF4B-00C04F79EFBC}") = "FluentCodeMetrics.Core", "FluentCodeMetrics.Core\FluentCodeMetrics.Core.csproj", "{76E1A53D-F8EB-4AD1-A589-F7E6059E0503}"
EndProject
Project("{FAE04EC0-301F-11D3-BF4B-00C04F79EFBC}") = "FluentCodeMetrics.Specs", "FluentCodeMetrics.Specs\FluentCodeMetrics.Specs.csproj", "{D44688D3-71FB-40FC-AFAF-6FA9073AF154}"
EndProject
Project("{FAE04EC0-301F-11D3-BF4B-00C04F79EFBC}") = "FluentCodeMetrics.Tests", "FluentCodeMetrics.Tests\FluentCodeMetrics.Tests.csproj", "{067DDF01-3A13-4733-8208-6AD7C4F85D31}"
EndProject
Global
	GlobalSection(SolutionConfigurationPlatforms) = preSolution
		Debug|Any CPU = Debug|Any CPU
		Release|Any CPU = Release|Any CPU
	EndGlobalSection
	GlobalSection(ProjectConfigurationPlatforms) = postSolution
		{76E1A53D-F8EB-4AD1-A589-F7E6059E0503}.Debug|Any CPU.ActiveCfg = Debug|Any CPU
		{76E1A53D-F8EB-4AD1-A589-F7E6059E0503}.Debug|Any CPU.Build.0 = Debug|Any CPU
		{76E1A53D-F8EB-4AD1-A589-F7E6059E0503}.Release|Any CPU.ActiveCfg = Release|Any CPU
		{76E1A53D-F8EB-4AD1-A589-F7E6059E0503}.Release|Any CPU.Build.0 = Release|Any CPU
		{D44688D3-71FB-40FC-AFAF-6FA9073AF154}.Debug|Any CPU.ActiveCfg = Debug|Any CPU
		{D44688D3-71FB-40FC-AFAF-6FA9073AF154}.Debug|Any CPU.Build.0 = Debug|Any CPU
		{D44688D3-71FB-40FC-AFAF-6FA9073AF154}.Release|Any CPU.ActiveCfg = Release|Any CPU
		{D44688D3-71FB-40FC-AFAF-6FA9073AF154}.Release|Any CPU.Build.0 = Release|Any CPU
		{067DDF01-3A13-4733-8208-6AD7C4F85D31}.Debug|Any CPU.ActiveCfg = Debug|Any CPU
		{067DDF01-3A13-4733-8208-6AD7C4F85D31}.Debug|Any CPU.Build.0 = Debug|Any CPU
		{067DDF01-3A13-4733-8208-6AD7C4F85D31}.Release|Any CPU.ActiveCfg = Release|Any CPU
		{067DDF01-3A13-4733-8208-6AD7C4F85D31}.Release|Any CPU.Build.0 = Release|Any CPU
	EndGlobalSection
	GlobalSection(SolutionProperties) = preSolution
		HideSolutionNode = FALSE
	EndGlobalSection
EndGlobal
